
Microsoft Visual Studio Solution File, Format Version 12.00
# Visual Studio 14
VisualStudioVersion = 14.0.25420.1
MinimumVisualStudioVersion = 10.0.40219.1
Project("{E24C65DC-7377-472B-9ABA-BC803B73C61A}") = "playingwithjquery", "..\..\WebSites\playingwithjquery\", "{3B44CFC7-7806-4A80-B378-8AD76F5CDB50}"
	ProjectSection(WebsiteProperties) = preProject
		TargetFrameworkMoniker = ".NETFramework,Version%3Dv4.5.2"
		Debug.AspNetCompiler.VirtualPath = "/localhost_56553"
		Debug.AspNetCompiler.PhysicalPath = "..\..\WebSites\playingwithjquery\"
		Debug.AspNetCompiler.TargetPath = "PrecompiledWeb\localhost_56553\"
		Debug.AspNetCompiler.Updateable = "true"
		Debug.AspNetCompiler.ForceOverwrite = "true"
		Debug.AspNetCompiler.FixedNames = "false"
		Debug.AspNetCompiler.Debug = "True"
		Release.AspNetCompiler.VirtualPath = "/localhost_56553"
		Release.AspNetCompiler.PhysicalPath = "..\..\WebSites\playingwithjquery\"
		Release.AspNetCompiler.TargetPath = "PrecompiledWeb\localhost_56553\"
		Release.AspNetCompiler.Updateable = "true"
		Release.AspNetCompiler.ForceOverwrite = "true"
		Release.AspNetCompiler.FixedNames = "false"
		Release.AspNetCompiler.Debug = "False"
		VWDPort = "56553"
		SlnRelativePath = "..\..\WebSites\playingwithjquery\"
		DefaultWebSiteLanguage = "Visual C#"
	EndProjectSection
EndProject
Global
	GlobalSection(SolutionConfigurationPlatforms) = preSolution
		Debug|Any CPU = Debug|Any CPU
	EndGlobalSection
	GlobalSection(ProjectConfigurationPlatforms) = postSolution
		{3B44CFC7-7806-4A80-B378-8AD76F5CDB50}.Debug|Any CPU.ActiveCfg = Debug|Any CPU
		{3B44CFC7-7806-4A80-B378-8AD76F5CDB50}.Debug|Any CPU.Build.0 = Debug|Any CPU
	EndGlobalSection
	GlobalSection(SolutionProperties) = preSolution
		HideSolutionNode = FALSE
	EndGlobalSection
EndGlobal
